
Microsoft Visual Studio Solution File, Format Version 12.00
# Visual Studio 15
Project("{FAE04EC0-301F-11D3-BF4B-00C04F79EFBC}") = "Assembly-CSharp", "Assembly-CSharp.csproj", "{1AE5F36A-0B8A-0A90-245D-751F4C76FECE}"
EndProject
Global
	GlobalSection(SolutionConfigurationPlatforms) = preSolution
		Debug|Any CPU = Debug|Any CPU
		Release|Any CPU = Release|Any CPU
	EndGlobalSection
	GlobalSection(ProjectConfigurationPlatforms) = postSolution
		{1AE5F36A-0B8A-0A90-245D-751F4C76FECE}.Debug|Any CPU.ActiveCfg = Debug|Any CPU
		{1AE5F36A-0B8A-0A90-245D-751F4C76FECE}.Debug|Any CPU.Build.0 = Debug|Any CPU
		{1AE5F36A-0B8A-0A90-245D-751F4C76FECE}.Release|Any CPU.ActiveCfg = Release|Any CPU
		{1AE5F36A-0B8A-0A90-245D-751F4C76FECE}.Release|Any CPU.Build.0 = Release|Any CPU
	EndGlobalSection
	GlobalSection(SolutionProperties) = preSolution
		HideSolutionNode = FALSE
	EndGlobalSection
EndGlobal
